
Microsoft Visual Studio Solution File, Format Version 12.00
# Visual Studio Version 16
VisualStudioVersion = 16.0.30517.126
MinimumVisualStudioVersion = 10.0.40219.1
Project("{FAE04EC0-301F-11D3-BF4B-00C04F79EFBC}") = "StockManagementSystem", "StockManagementSystem.csproj", "{0984980A-20A5-4919-940E-7EEA7DA541F9}"
EndProject
Global
	GlobalSection(SolutionConfigurationPlatforms) = preSolution
		Debug|Any CPU = Debug|Any CPU
		Release|Any CPU = Release|Any CPU
	EndGlobalSection
	GlobalSection(ProjectConfigurationPlatforms) = postSolution
		{0984980A-20A5-4919-940E-7EEA7DA541F9}.Debug|Any CPU.ActiveCfg = Debug|Any CPU
		{0984980A-20A5-4919-940E-7EEA7DA541F9}.Debug|Any CPU.Build.0 = Debug|Any CPU
		{0984980A-20A5-4919-940E-7EEA7DA541F9}.Release|Any CPU.ActiveCfg = Release|Any CPU
		{0984980A-20A5-4919-940E-7EEA7DA541F9}.Release|Any CPU.Build.0 = Release|Any CPU
	EndGlobalSection
	GlobalSection(SolutionProperties) = preSolution
		HideSolutionNode = FALSE
	EndGlobalSection
	GlobalSection(ExtensibilityGlobals) = postSolution
		SolutionGuid = {9A73C261-8768-4CAB-A358-3EE8DF547F01}
	EndGlobalSection
EndGlobal
